
Microsoft Visual Studio Solution File, Format Version 12.00
# Visual Studio 15
VisualStudioVersion = 15.0.27428.2037
MinimumVisualStudioVersion = 10.0.40219.1
Project("{FAE04EC0-301F-11D3-BF4B-00C04F79EFBC}") = "XFiles", "XFiles\XFiles.csproj", "{EA888F3B-567E-4B04-9E16-AF2199B77C2F}"
EndProject
Project("{FAE04EC0-301F-11D3-BF4B-00C04F79EFBC}") = "xFiles.Data", "Data\xFiles.Data.csproj", "{0A08240A-777B-48CA-A7A1-D11955E52D0E}"
EndProject
Project("{FAE04EC0-301F-11D3-BF4B-00C04F79EFBC}") = "xFiles.Models", "XFiles.Models\xFiles.Models.csproj", "{9F422999-2064-4CF0-BCFD-9906F0FCA40E}"
EndProject
Project("{FAE04EC0-301F-11D3-BF4B-00C04F79EFBC}") = "xFiles.Services", "xFiles.Services\xFiles.Services.csproj", "{065FC862-E171-4941-A1C6-CB4260AEBA07}"
EndProject
Global
	GlobalSection(SolutionConfigurationPlatforms) = preSolution
		Debug|Any CPU = Debug|Any CPU
		Release|Any CPU = Release|Any CPU
	EndGlobalSection
	GlobalSection(ProjectConfigurationPlatforms) = postSolution
		{EA888F3B-567E-4B04-9E16-AF2199B77C2F}.Debug|Any CPU.ActiveCfg = Debug|Any CPU
		{EA888F3B-567E-4B04-9E16-AF2199B77C2F}.Debug|Any CPU.Build.0 = Debug|Any CPU
		{EA888F3B-567E-4B04-9E16-AF2199B77C2F}.Release|Any CPU.ActiveCfg = Release|Any CPU
		{EA888F3B-567E-4B04-9E16-AF2199B77C2F}.Release|Any CPU.Build.0 = Release|Any CPU
		{0A08240A-777B-48CA-A7A1-D11955E52D0E}.Debug|Any CPU.ActiveCfg = Debug|Any CPU
		{0A08240A-777B-48CA-A7A1-D11955E52D0E}.Debug|Any CPU.Build.0 = Debug|Any CPU
		{0A08240A-777B-48CA-A7A1-D11955E52D0E}.Release|Any CPU.ActiveCfg = Release|Any CPU
		{0A08240A-777B-48CA-A7A1-D11955E52D0E}.Release|Any CPU.Build.0 = Release|Any CPU
		{9F422999-2064-4CF0-BCFD-9906F0FCA40E}.Debug|Any CPU.ActiveCfg = Debug|Any CPU
		{9F422999-2064-4CF0-BCFD-9906F0FCA40E}.Debug|Any CPU.Build.0 = Debug|Any CPU
		{9F422999-2064-4CF0-BCFD-9906F0FCA40E}.Release|Any CPU.ActiveCfg = Release|Any CPU
		{9F422999-2064-4CF0-BCFD-9906F0FCA40E}.Release|Any CPU.Build.0 = Release|Any CPU
		{065FC862-E171-4941-A1C6-CB4260AEBA07}.Debug|Any CPU.ActiveCfg = Debug|Any CPU
		{065FC862-E171-4941-A1C6-CB4260AEBA07}.Debug|Any CPU.Build.0 = Debug|Any CPU
		{065FC862-E171-4941-A1C6-CB4260AEBA07}.Release|Any CPU.ActiveCfg = Release|Any CPU
		{065FC862-E171-4941-A1C6-CB4260AEBA07}.Release|Any CPU.Build.0 = Release|Any CPU
	EndGlobalSection
	GlobalSection(SolutionProperties) = preSolution
		HideSolutionNode = FALSE
	EndGlobalSection
	GlobalSection(ExtensibilityGlobals) = postSolution
		SolutionGuid = {2B46147F-F2A1-440C-AC7C-935461C0390D}
	EndGlobalSection
EndGlobal
